
Microsoft Visual Studio Solution File, Format Version 12.00
# Visual Studio Version 17
VisualStudioVersion = 17.0.31919.166
MinimumVisualStudioVersion = 10.0.40219.1
Project("{FAE04EC0-301F-11D3-BF4B-00C04F79EFBC}") = "UserID to Username", "UserID to Username\UserID to Username.csproj", "{118DCFD4-A843-4952-8FD3-7535A77DFAEB}"
EndProject
Global
	GlobalSection(SolutionConfigurationPlatforms) = preSolution
		Debug|Any CPU = Debug|Any CPU
		Release|Any CPU = Release|Any CPU
	EndGlobalSection
	GlobalSection(ProjectConfigurationPlatforms) = postSolution
		{118DCFD4-A843-4952-8FD3-7535A77DFAEB}.Debug|Any CPU.ActiveCfg = Debug|Any CPU
		{118DCFD4-A843-4952-8FD3-7535A77DFAEB}.Debug|Any CPU.Build.0 = Debug|Any CPU
		{118DCFD4-A843-4952-8FD3-7535A77DFAEB}.Release|Any CPU.ActiveCfg = Release|Any CPU
		{118DCFD4-A843-4952-8FD3-7535A77DFAEB}.Release|Any CPU.Build.0 = Release|Any CPU
	EndGlobalSection
	GlobalSection(SolutionProperties) = preSolution
		HideSolutionNode = FALSE
	EndGlobalSection
	GlobalSection(ExtensibilityGlobals) = postSolution
		SolutionGuid = {8B91B18B-C2FA-41B8-A4D2-D754641AEC09}
	EndGlobalSection
EndGlobal
